
Microsoft Visual Studio Solution File, Format Version 12.00
# Visual Studio 14
VisualStudioVersion = 14.0.25420.1
MinimumVisualStudioVersion = 10.0.40219.1
Project("{FAE04EC0-301F-11D3-BF4B-00C04F79EFBC}") = "NGraphics.Plugin.Autodetect", "NGraphics.Plugin.Autodetect\NGraphics.Plugin.Autodetect\NGraphics.Plugin.Autodetect.csproj", "{0C944A72-C0F3-4B8F-B5CC-0EEA095E3CC9}"
EndProject
Project("{FAE04EC0-301F-11D3-BF4B-00C04F79EFBC}") = "NGraphics.Plugin.Autodetect.WinPhone", "NGraphics.Plugin.Autodetect\NGraphics.Plugin.Autodetect.WinPhone\NGraphics.Plugin.Autodetect.WinPhone.csproj", "{D1E1C9FE-162F-4AF2-A626-88AAFDEE3ACA}"
EndProject
Project("{FAE04EC0-301F-11D3-BF4B-00C04F79EFBC}") = "NGraphics.Plugin.Autodetect.Android", "NGraphics.Plugin.Autodetect\NGraphics.Plugin.Autodetect.Android\NGraphics.Plugin.Autodetect.Android.csproj", "{A5CDA6AF-CDA3-491B-AEE1-7785C1225559}"
EndProject
Project("{FAE04EC0-301F-11D3-BF4B-00C04F79EFBC}") = "NGraphics.Plugin.Autodetect.UWP", "NGraphics.Plugin.Autodetect\NGraphics.Plugin.Autodetect.UWP\NGraphics.Plugin.Autodetect.UWP.csproj", "{BE07B5CA-5518-40A4-AEB7-7FC8E98B27CA}"
EndProject
Project("{FAE04EC0-301F-11D3-BF4B-00C04F79EFBC}") = "NGraphics.Plugin.Autodetect.WindowsStore", "NGraphics.Plugin.Autodetect\NGraphics.Plugin.Autodetect.WindowsStore\NGraphics.Plugin.Autodetect.WindowsStore.csproj", "{A2CB46CE-478E-42F8-8410-E359D74E5F08}"
EndProject
Project("{FAE04EC0-301F-11D3-BF4B-00C04F79EFBC}") = "NGraphics.Plugin.Autodetect.iOS", "NGraphics.Plugin.Autodetect\NGraphics.Plugin.Autodetect.iOS\NGraphics.Plugin.Autodetect.iOS.csproj", "{D3D78CCF-4E8C-49FE-BF71-C0470AD4D821}"
EndProject
Project("{2150E333-8FDC-42A3-9474-1A3956D46DE8}") = "Solution Items", "Solution Items", "{1DAFD9B2-9D58-4D4A-BDD6-9891A52D7781}"
	ProjectSection(SolutionItems) = preProject
		NGraphics.Plugin.Autodetect\nuget\NGraphics.Plugin.Autodetect.nuspec = NGraphics.Plugin.Autodetect\nuget\NGraphics.Plugin.Autodetect.nuspec
		NGraphics.Plugin.Autodetect\nuget\readme.txt = NGraphics.Plugin.Autodetect\nuget\readme.txt
	EndProjectSection
EndProject
Global
	GlobalSection(SolutionConfigurationPlatforms) = preSolution
		Debug|Any CPU = Debug|Any CPU
		Debug|ARM = Debug|ARM
		Debug|iPhone = Debug|iPhone
		Debug|iPhoneSimulator = Debug|iPhoneSimulator
		Debug|x64 = Debug|x64
		Debug|x86 = Debug|x86
		Release|Any CPU = Release|Any CPU
		Release|ARM = Release|ARM
		Release|iPhone = Release|iPhone
		Release|iPhoneSimulator = Release|iPhoneSimulator
		Release|x64 = Release|x64
		Release|x86 = Release|x86
	EndGlobalSection
	GlobalSection(ProjectConfigurationPlatforms) = postSolution
		{0C944A72-C0F3-4B8F-B5CC-0EEA095E3CC9}.Debug|Any CPU.ActiveCfg = Debug|Any CPU
		{0C944A72-C0F3-4B8F-B5CC-0EEA095E3CC9}.Debug|Any CPU.Build.0 = Debug|Any CPU
		{0C944A72-C0F3-4B8F-B5CC-0EEA095E3CC9}.Debug|ARM.ActiveCfg = Debug|Any CPU
		{0C944A72-C0F3-4B8F-B5CC-0EEA095E3CC9}.Debug|ARM.Build.0 = Debug|Any CPU
		{0C944A72-C0F3-4B8F-B5CC-0EEA095E3CC9}.Debug|iPhone.ActiveCfg = Debug|Any CPU
		{0C944A72-C0F3-4B8F-B5CC-0EEA095E3CC9}.Debug|iPhone.Build.0 = Debug|Any CPU
		{0C944A72-C0F3-4B8F-B5CC-0EEA095E3CC9}.Debug|iPhoneSimulator.ActiveCfg = Debug|Any CPU
		{0C944A72-C0F3-4B8F-B5CC-0EEA095E3CC9}.Debug|iPhoneSimulator.Build.0 = Debug|Any CPU
		{0C944A72-C0F3-4B8F-B5CC-0EEA095E3CC9}.Debug|x64.ActiveCfg = Debug|Any CPU
		{0C944A72-C0F3-4B8F-B5CC-0EEA095E3CC9}.Debug|x64.Build.0 = Debug|Any CPU
		{0C944A72-C0F3-4B8F-B5CC-0EEA095E3CC9}.Debug|x86.ActiveCfg = Debug|Any CPU
		{0C944A72-C0F3-4B8F-B5CC-0EEA095E3CC9}.Debug|x86.Build.0 = Debug|Any CPU
		{0C944A72-C0F3-4B8F-B5CC-0EEA095E3CC9}.Release|Any CPU.ActiveCfg = Release|Any CPU
		{0C944A72-C0F3-4B8F-B5CC-0EEA095E3CC9}.Release|Any CPU.Build.0 = Release|Any CPU
		{0C944A72-C0F3-4B8F-B5CC-0EEA095E3CC9}.Release|ARM.ActiveCfg = Release|Any CPU
		{0C944A72-C0F3-4B8F-B5CC-0EEA095E3CC9}.Release|ARM.Build.0 = Release|Any CPU
		{0C944A72-C0F3-4B8F-B5CC-0EEA095E3CC9}.Release|iPhone.ActiveCfg = Release|Any CPU
		{0C944A72-C0F3-4B8F-B5CC-0EEA095E3CC9}.Release|iPhone.Build.0 = Release|Any CPU
		{0C944A72-C0F3-4B8F-B5CC-0EEA095E3CC9}.Release|iPhoneSimulator.ActiveCfg = Release|Any CPU
		{0C944A72-C0F3-4B8F-B5CC-0EEA095E3CC9}.Release|iPhoneSimulator.Build.0 = Release|Any CPU
		{0C944A72-C0F3-4B8F-B5CC-0EEA095E3CC9}.Release|x64.ActiveCfg = Release|Any CPU
		{0C944A72-C0F3-4B8F-B5CC-0EEA095E3CC9}.Release|x64.Build.0 = Release|Any CPU
		{0C944A72-C0F3-4B8F-B5CC-0EEA095E3CC9}.Release|x86.ActiveCfg = Release|Any CPU
		{0C944A72-C0F3-4B8F-B5CC-0EEA095E3CC9}.Release|x86.Build.0 = Release|Any CPU
		{D1E1C9FE-162F-4AF2-A626-88AAFDEE3ACA}.Debug|Any CPU.ActiveCfg = Debug|Any CPU
		{D1E1C9FE-162F-4AF2-A626-88AAFDEE3ACA}.Debug|Any CPU.Build.0 = Debug|Any CPU
		{D1E1C9FE-162F-4AF2-A626-88AAFDEE3ACA}.Debug|ARM.ActiveCfg = Debug|ARM
		{D1E1C9FE-162F-4AF2-A626-88AAFDEE3ACA}.Debug|ARM.Build.0 = Debug|ARM
		{D1E1C9FE-162F-4AF2-A626-88AAFDEE3ACA}.Debug|iPhone.ActiveCfg = Debug|Any CPU
		{D1E1C9FE-162F-4AF2-A626-88AAFDEE3ACA}.Debug|iPhone.Build.0 = Debug|Any CPU
		{D1E1C9FE-162F-4AF2-A626-88AAFDEE3ACA}.Debug|iPhoneSimulator.ActiveCfg = Debug|Any CPU
		{D1E1C9FE-162F-4AF2-A626-88AAFDEE3ACA}.Debug|iPhoneSimulator.Build.0 = Debug|Any CPU
		{D1E1C9FE-162F-4AF2-A626-88AAFDEE3ACA}.Debug|x64.ActiveCfg = Debug|Any CPU
		{D1E1C9FE-162F-4AF2-A626-88AAFDEE3ACA}.Debug|x64.Build.0 = Debug|Any CPU
		{D1E1C9FE-162F-4AF2-A626-88AAFDEE3ACA}.Debug|x86.ActiveCfg = Debug|x86
		{D1E1C9FE-162F-4AF2-A626-88AAFDEE3ACA}.Debug|x86.Build.0 = Debug|x86
		{D1E1C9FE-162F-4AF2-A626-88AAFDEE3ACA}.Release|Any CPU.ActiveCfg = Release|Any CPU
		{D1E1C9FE-162F-4AF2-A626-88AAFDEE3ACA}.Release|Any CPU.Build.0 = Release|Any CPU
		{D1E1C9FE-162F-4AF2-A626-88AAFDEE3ACA}.Release|ARM.ActiveCfg = Release|ARM
		{D1E1C9FE-162F-4AF2-A626-88AAFDEE3ACA}.Release|ARM.Build.0 = Release|ARM
		{D1E1C9FE-162F-4AF2-A626-88AAFDEE3ACA}.Release|iPhone.ActiveCfg = Release|Any CPU
		{D1E1C9FE-162F-4AF2-A626-88AAFDEE3ACA}.Release|iPhone.Build.0 = Release|Any CPU
		{D1E1C9FE-162F-4AF2-A626-88AAFDEE3ACA}.Release|iPhoneSimulator.ActiveCfg = Release|Any CPU
		{D1E1C9FE-162F-4AF2-A626-88AAFDEE3ACA}.Release|iPhoneSimulator.Build.0 = Release|Any CPU
		{D1E1C9FE-162F-4AF2-A626-88AAFDEE3ACA}.Release|x64.ActiveCfg = Release|Any CPU
		{D1E1C9FE-162F-4AF2-A626-88AAFDEE3ACA}.Release|x64.Build.0 = Release|Any CPU
		{D1E1C9FE-162F-4AF2-A626-88AAFDEE3ACA}.Release|x86.ActiveCfg = Release|x86
		{D1E1C9FE-162F-4AF2-A626-88AAFDEE3ACA}.Release|x86.Build.0 = Release|x86
		{A5CDA6AF-CDA3-491B-AEE1-7785C1225559}.Debug|Any CPU.ActiveCfg = Debug|Any CPU
		{A5CDA6AF-CDA3-491B-AEE1-7785C1225559}.Debug|Any CPU.Build.0 = Debug|Any CPU
		{A5CDA6AF-CDA3-491B-AEE1-7785C1225559}.Debug|ARM.ActiveCfg = Debug|Any CPU
		{A5CDA6AF-CDA3-491B-AEE1-7785C1225559}.Debug|ARM.Build.0 = Debug|Any CPU
		{A5CDA6AF-CDA3-491B-AEE1-7785C1225559}.Debug|iPhone.ActiveCfg = Debug|Any CPU
		{A5CDA6AF-CDA3-491B-AEE1-7785C1225559}.Debug|iPhone.Build.0 = Debug|Any CPU
		{A5CDA6AF-CDA3-491B-AEE1-7785C1225559}.Debug|iPhoneSimulator.ActiveCfg = Debug|Any CPU
		{A5CDA6AF-CDA3-491B-AEE1-7785C1225559}.Debug|iPhoneSimulator.Build.0 = Debug|Any CPU
		{A5CDA6AF-CDA3-491B-AEE1-7785C1225559}.Debug|x64.ActiveCfg = Debug|Any CPU
		{A5CDA6AF-CDA3-491B-AEE1-7785C1225559}.Debug|x64.Build.0 = Debug|Any CPU
		{A5CDA6AF-CDA3-491B-AEE1-7785C1225559}.Debug|x86.ActiveCfg = Debug|Any CPU
		{A5CDA6AF-CDA3-491B-AEE1-7785C1225559}.Debug|x86.Build.0 = Debug|Any CPU
		{A5CDA6AF-CDA3-491B-AEE1-7785C1225559}.Release|Any CPU.ActiveCfg = Release|Any CPU
		{A5CDA6AF-CDA3-491B-AEE1-7785C1225559}.Release|Any CPU.Build.0 = Release|Any CPU
		{A5CDA6AF-CDA3-491B-AEE1-7785C1225559}.Release|ARM.ActiveCfg = Release|Any CPU
		{A5CDA6AF-CDA3-491B-AEE1-7785C1225559}.Release|ARM.Build.0 = Release|Any CPU
		{A5CDA6AF-CDA3-491B-AEE1-7785C1225559}.Release|iPhone.ActiveCfg = Release|Any CPU
		{A5CDA6AF-CDA3-491B-AEE1-7785C1225559}.Release|iPhone.Build.0 = Release|Any CPU
		{A5CDA6AF-CDA3-491B-AEE1-7785C1225559}.Release|iPhoneSimulator.ActiveCfg = Release|Any CPU
		{A5CDA6AF-CDA3-491B-AEE1-7785C1225559}.Release|iPhoneSimulator.Build.0 = Release|Any CPU
		{A5CDA6AF-CDA3-491B-AEE1-7785C1225559}.Release|x64.ActiveCfg = Release|Any CPU
		{A5CDA6AF-CDA3-491B-AEE1-7785C1225559}.Release|x64.Build.0 = Release|Any CPU
		{A5CDA6AF-CDA3-491B-AEE1-7785C1225559}.Release|x86.ActiveCfg = Release|Any CPU
		{A5CDA6AF-CDA3-491B-AEE1-7785C1225559}.Release|x86.Build.0 = Release|Any CPU
		{BE07B5CA-5518-40A4-AEB7-7FC8E98B27CA}.Debug|Any CPU.ActiveCfg = Debug|Any CPU
		{BE07B5CA-5518-40A4-AEB7-7FC8E98B27CA}.Debug|Any CPU.Build.0 = Debug|Any CPU
		{BE07B5CA-5518-40A4-AEB7-7FC8E98B27CA}.Debug|ARM.ActiveCfg = Debug|ARM
		{BE07B5CA-5518-40A4-AEB7-7FC8E98B27CA}.Debug|ARM.Build.0 = Debug|ARM
		{BE07B5CA-5518-40A4-AEB7-7FC8E98B27CA}.Debug|iPhone.ActiveCfg = Debug|Any CPU
		{BE07B5CA-5518-40A4-AEB7-7FC8E98B27CA}.Debug|iPhone.Build.0 = Debug|Any CPU
		{BE07B5CA-5518-40A4-AEB7-7FC8E98B27CA}.Debug|iPhoneSimulator.ActiveCfg = Debug|Any CPU
		{BE07B5CA-5518-40A4-AEB7-7FC8E98B27CA}.Debug|iPhoneSimulator.Build.0 = Debug|Any CPU
		{BE07B5CA-5518-40A4-AEB7-7FC8E98B27CA}.Debug|x64.ActiveCfg = Debug|x64
		{BE07B5CA-5518-40A4-AEB7-7FC8E98B27CA}.Debug|x64.Build.0 = Debug|x64
		{BE07B5CA-5518-40A4-AEB7-7FC8E98B27CA}.Debug|x86.ActiveCfg = Debug|x86
		{BE07B5CA-5518-40A4-AEB7-7FC8E98B27CA}.Debug|x86.Build.0 = Debug|x86
		{BE07B5CA-5518-40A4-AEB7-7FC8E98B27CA}.Release|Any CPU.ActiveCfg = Release|Any CPU
		{BE07B5CA-5518-40A4-AEB7-7FC8E98B27CA}.Release|Any CPU.Build.0 = Release|Any CPU
		{BE07B5CA-5518-40A4-AEB7-7FC8E98B27CA}.Release|ARM.ActiveCfg = Release|ARM
		{BE07B5CA-5518-40A4-AEB7-7FC8E98B27CA}.Release|ARM.Build.0 = Release|ARM
		{BE07B5CA-5518-40A4-AEB7-7FC8E98B27CA}.Release|iPhone.ActiveCfg = Release|Any CPU
		{BE07B5CA-5518-40A4-AEB7-7FC8E98B27CA}.Release|iPhone.Build.0 = Release|Any CPU
		{BE07B5CA-5518-40A4-AEB7-7FC8E98B27CA}.Release|iPhoneSimulator.ActiveCfg = Release|Any CPU
		{BE07B5CA-5518-40A4-AEB7-7FC8E98B27CA}.Release|iPhoneSimulator.Build.0 = Release|Any CPU
		{BE07B5CA-5518-40A4-AEB7-7FC8E98B27CA}.Release|x64.ActiveCfg = Release|x64
		{BE07B5CA-5518-40A4-AEB7-7FC8E98B27CA}.Release|x64.Build.0 = Release|x64
		{BE07B5CA-5518-40A4-AEB7-7FC8E98B27CA}.Release|x86.ActiveCfg = Release|x86
		{BE07B5CA-5518-40A4-AEB7-7FC8E98B27CA}.Release|x86.Build.0 = Release|x86
		{A2CB46CE-478E-42F8-8410-E359D74E5F08}.Debug|Any CPU.ActiveCfg = Debug|Any CPU
		{A2CB46CE-478E-42F8-8410-E359D74E5F08}.Debug|Any CPU.Build.0 = Debug|Any CPU
		{A2CB46CE-478E-42F8-8410-E359D74E5F08}.Debug|ARM.ActiveCfg = Debug|ARM
		{A2CB46CE-478E-42F8-8410-E359D74E5F08}.Debug|ARM.Build.0 = Debug|ARM
		{A2CB46CE-478E-42F8-8410-E359D74E5F08}.Debug|iPhone.ActiveCfg = Debug|Any CPU
		{A2CB46CE-478E-42F8-8410-E359D74E5F08}.Debug|iPhone.Build.0 = Debug|Any CPU
		{A2CB46CE-478E-42F8-8410-E359D74E5F08}.Debug|iPhoneSimulator.ActiveCfg = Debug|Any CPU
		{A2CB46CE-478E-42F8-8410-E359D74E5F08}.Debug|iPhoneSimulator.Build.0 = Debug|Any CPU
		{A2CB46CE-478E-42F8-8410-E359D74E5F08}.Debug|x64.ActiveCfg = Debug|x64
		{A2CB46CE-478E-42F8-8410-E359D74E5F08}.Debug|x64.Build.0 = Debug|x64
		{A2CB46CE-478E-42F8-8410-E359D74E5F08}.Debug|x86.ActiveCfg = Debug|x86
		{A2CB46CE-478E-42F8-8410-E359D74E5F08}.Debug|x86.Build.0 = Debug|x86
		{A2CB46CE-478E-42F8-8410-E359D74E5F08}.Release|Any CPU.ActiveCfg = Release|Any CPU
		{A2CB46CE-478E-42F8-8410-E359D74E5F08}.Release|Any CPU.Build.0 = Release|Any CPU
		{A2CB46CE-478E-42F8-8410-E359D74E5F08}.Release|ARM.ActiveCfg = Release|ARM
		{A2CB46CE-478E-42F8-8410-E359D74E5F08}.Release|ARM.Build.0 = Release|ARM
		{A2CB46CE-478E-42F8-8410-E359D74E5F08}.Release|iPhone.ActiveCfg = Release|Any CPU
		{A2CB46CE-478E-42F8-8410-E359D74E5F08}.Release|iPhone.Build.0 = Release|Any CPU
		{A2CB46CE-478E-42F8-8410-E359D74E5F08}.Release|iPhoneSimulator.ActiveCfg = Release|Any CPU
		{A2CB46CE-478E-42F8-8410-E359D74E5F08}.Release|iPhoneSimulator.Build.0 = Release|Any CPU
		{A2CB46CE-478E-42F8-8410-E359D74E5F08}.Release|x64.ActiveCfg = Release|x64
		{A2CB46CE-478E-42F8-8410-E359D74E5F08}.Release|x64.Build.0 = Release|x64
		{A2CB46CE-478E-42F8-8410-E359D74E5F08}.Release|x86.ActiveCfg = Release|x86
		{A2CB46CE-478E-42F8-8410-E359D74E5F08}.Release|x86.Build.0 = Release|x86
		{D3D78CCF-4E8C-49FE-BF71-C0470AD4D821}.Debug|Any CPU.ActiveCfg = Debug|Any CPU
		{D3D78CCF-4E8C-49FE-BF71-C0470AD4D821}.Debug|Any CPU.Build.0 = Debug|Any CPU
		{D3D78CCF-4E8C-49FE-BF71-C0470AD4D821}.Debug|ARM.ActiveCfg = Debug|Any CPU
		{D3D78CCF-4E8C-49FE-BF71-C0470AD4D821}.Debug|ARM.Build.0 = Debug|Any CPU
		{D3D78CCF-4E8C-49FE-BF71-C0470AD4D821}.Debug|iPhone.ActiveCfg = Debug|Any CPU
		{D3D78CCF-4E8C-49FE-BF71-C0470AD4D821}.Debug|iPhone.Build.0 = Debug|Any CPU
		{D3D78CCF-4E8C-49FE-BF71-C0470AD4D821}.Debug|iPhoneSimulator.ActiveCfg = Debug|Any CPU
		{D3D78CCF-4E8C-49FE-BF71-C0470AD4D821}.Debug|iPhoneSimulator.Build.0 = Debug|Any CPU
		{D3D78CCF-4E8C-49FE-BF71-C0470AD4D821}.Debug|x64.ActiveCfg = Debug|Any CPU
		{D3D78CCF-4E8C-49FE-BF71-C0470AD4D821}.Debug|x64.Build.0 = Debug|Any CPU
		{D3D78CCF-4E8C-49FE-BF71-C0470AD4D821}.Debug|x86.ActiveCfg = Debug|Any CPU
		{D3D78CCF-4E8C-49FE-BF71-C0470AD4D821}.Debug|x86.Build.0 = Debug|Any CPU
		{D3D78CCF-4E8C-49FE-BF71-C0470AD4D821}.Release|Any CPU.ActiveCfg = Release|Any CPU
		{D3D78CCF-4E8C-49FE-BF71-C0470AD4D821}.Release|Any CPU.Build.0 = Release|Any CPU
		{D3D78CCF-4E8C-49FE-BF71-C0470AD4D821}.Release|ARM.ActiveCfg = Release|Any CPU
		{D3D78CCF-4E8C-49FE-BF71-C0470AD4D821}.Release|ARM.Build.0 = Release|Any CPU
		{D3D78CCF-4E8C-49FE-BF71-C0470AD4D821}.Release|iPhone.ActiveCfg = Release|Any CPU
		{D3D78CCF-4E8C-49FE-BF71-C0470AD4D821}.Release|iPhone.Build.0 = Release|Any CPU
		{D3D78CCF-4E8C-49FE-BF71-C0470AD4D821}.Release|iPhoneSimulator.ActiveCfg = Release|Any CPU
		{D3D78CCF-4E8C-49FE-BF71-C0470AD4D821}.Release|iPhoneSimulator.Build.0 = Release|Any CPU
		{D3D78CCF-4E8C-49FE-BF71-C0470AD4D821}.Release|x64.ActiveCfg = Release|Any CPU
		{D3D78CCF-4E8C-49FE-BF71-C0470AD4D821}.Release|x64.Build.0 = Release|Any CPU
		{D3D78CCF-4E8C-49FE-BF71-C0470AD4D821}.Release|x86.ActiveCfg = Release|Any CPU
		{D3D78CCF-4E8C-49FE-BF71-C0470AD4D821}.Release|x86.Build.0 = Release|Any CPU
	EndGlobalSection
	GlobalSection(SolutionProperties) = preSolution
		HideSolutionNode = FALSE
	EndGlobalSection
EndGlobal
